
Microsoft Visual Studio Solution File, Format Version 12.00
# Visual Studio Version 17
VisualStudioVersion = 17.11.35312.102
MinimumVisualStudioVersion = 10.0.40219.1
Project("{9A19103F-16F7-4668-BE54-9A1E7A4F7556}") = "LibraryManagerSystem", "LibraryManagerSystem\LibraryManagerSystem.csproj", "{7FF8C2BB-0FE3-4573-B357-5B91D38A92F5}"
EndProject
Project("{9A19103F-16F7-4668-BE54-9A1E7A4F7556}") = "Common", "Common\Common.csproj", "{3A950274-7052-4138-9979-2BF9C93FD101}"
EndProject
Project("{9A19103F-16F7-4668-BE54-9A1E7A4F7556}") = "DomainModels", "DomainModels\DomainModels.csproj", "{818FE72D-815D-4EDC-8814-3A9821C8A8E1}"
EndProject
Project("{9A19103F-16F7-4668-BE54-9A1E7A4F7556}") = "Repositories", "Repositories\Repositories.csproj", "{1B7977B6-7828-42E7-985D-DC4A816CB41C}"
EndProject
Project("{9A19103F-16F7-4668-BE54-9A1E7A4F7556}") = "Business", "Business\Business.csproj", "{96E81E2F-6E40-4C67-87ED-B70BC65E425E}"
EndProject
Global
	GlobalSection(SolutionConfigurationPlatforms) = preSolution
		Debug|Any CPU = Debug|Any CPU
		Release|Any CPU = Release|Any CPU
	EndGlobalSection
	GlobalSection(ProjectConfigurationPlatforms) = postSolution
		{7FF8C2BB-0FE3-4573-B357-5B91D38A92F5}.Debug|Any CPU.ActiveCfg = Debug|Any CPU
		{7FF8C2BB-0FE3-4573-B357-5B91D38A92F5}.Debug|Any CPU.Build.0 = Debug|Any CPU
		{7FF8C2BB-0FE3-4573-B357-5B91D38A92F5}.Release|Any CPU.ActiveCfg = Release|Any CPU
		{7FF8C2BB-0FE3-4573-B357-5B91D38A92F5}.Release|Any CPU.Build.0 = Release|Any CPU
		{3A950274-7052-4138-9979-2BF9C93FD101}.Debug|Any CPU.ActiveCfg = Debug|Any CPU
		{3A950274-7052-4138-9979-2BF9C93FD101}.Debug|Any CPU.Build.0 = Debug|Any CPU
		{3A950274-7052-4138-9979-2BF9C93FD101}.Release|Any CPU.ActiveCfg = Release|Any CPU
		{3A950274-7052-4138-9979-2BF9C93FD101}.Release|Any CPU.Build.0 = Release|Any CPU
		{818FE72D-815D-4EDC-8814-3A9821C8A8E1}.Debug|Any CPU.ActiveCfg = Debug|Any CPU
		{818FE72D-815D-4EDC-8814-3A9821C8A8E1}.Debug|Any CPU.Build.0 = Debug|Any CPU
		{818FE72D-815D-4EDC-8814-3A9821C8A8E1}.Release|Any CPU.ActiveCfg = Release|Any CPU
		{818FE72D-815D-4EDC-8814-3A9821C8A8E1}.Release|Any CPU.Build.0 = Release|Any CPU
		{1B7977B6-7828-42E7-985D-DC4A816CB41C}.Debug|Any CPU.ActiveCfg = Debug|Any CPU
		{1B7977B6-7828-42E7-985D-DC4A816CB41C}.Debug|Any CPU.Build.0 = Debug|Any CPU
		{1B7977B6-7828-42E7-985D-DC4A816CB41C}.Release|Any CPU.ActiveCfg = Release|Any CPU
		{1B7977B6-7828-42E7-985D-DC4A816CB41C}.Release|Any CPU.Build.0 = Release|Any CPU
		{96E81E2F-6E40-4C67-87ED-B70BC65E425E}.Debug|Any CPU.ActiveCfg = Debug|Any CPU
		{96E81E2F-6E40-4C67-87ED-B70BC65E425E}.Debug|Any CPU.Build.0 = Debug|Any CPU
		{96E81E2F-6E40-4C67-87ED-B70BC65E425E}.Release|Any CPU.ActiveCfg = Release|Any CPU
		{96E81E2F-6E40-4C67-87ED-B70BC65E425E}.Release|Any CPU.Build.0 = Release|Any CPU
	EndGlobalSection
	GlobalSection(SolutionProperties) = preSolution
		HideSolutionNode = FALSE
	EndGlobalSection
	GlobalSection(ExtensibilityGlobals) = postSolution
		SolutionGuid = {A29ECEDE-C3B9-4CD3-ADB7-EDEEADF7D748}
	EndGlobalSection
EndGlobal
